# This file is automatically @generated by Cargo.
# It is not intended for manual editing.
version = 4

[[package]]
name = "kernel"
version = "0.2.0"
dependencies = [
 "staros-abi",
 "staros-arch-aarch64",
 "staros-drivers",
 "staros-fdt",
 "staros-framebuffer",
 "staros-hal",
 "staros-ipc",
 "staros-mm",
]

[[package]]
name = "staros-abi"
version = "0.2.0"

[[package]]
name = "staros-arch-aarch64"
version = "0.2.0"
dependencies = [
 "staros-abi",
 "staros-hal",
 "staros-iommu",
 "staros-mm",
 "staros-videocore",
]

[[package]]
name = "staros-cpio"
version = "0.2.0"

[[package]]
name = "staros-drivers"
version = "0.2.0"
dependencies = [
 "staros-abi",
 "staros-hal",
]

[[package]]
name = "staros-fdt"
version = "0.2.0"

[[package]]
name = "staros-framebuffer"
version = "0.2.0"

[[package]]
name = "staros-hal"
version = "0.2.0"
dependencies = [
 "staros-abi",
]

[[package]]
name = "staros-init"
version = "0.2.0"
dependencies = [
 "staros-abi",
 "staros-ipc",
]

[[package]]
name = "staros-iommu"
version = "0.2.0"

[[package]]
name = "staros-ipc"
version = "0.2.0"
dependencies = [
 "staros-abi",
]

[[package]]
name = "staros-mm"
version = "0.2.0"
dependencies = [
 "staros-abi",
]

[[package]]
name = "staros-videocore"
version = "0.2.0"
